{
  "version": "2",
  "remote": {
    "https://deno.land/std@0.190.0/_util/asserts.ts": "178dfc49a464aee693a7e285567b3d0b555dc805ff490505a8aae34f9cfb1462",
    "https://deno.land/std@0.190.0/_util/os.ts": "d932f56d41e4f6a6093d56044e29ce637f8dcc43c5a90af43504a889cf1775e3",
    "https://deno.land/std@0.190.0/json/common.ts": "ecd5e87d45b5f0df33238ed8b1746e1444da7f5c86ae53d0f0b04280f41a25bb",
    "https://deno.land/std@0.190.0/jsonc/mod.ts": "b88dce28eb3645667caa856538ae2fe87af51410822544a0b45a4177ef3bd7dd",
    "https://deno.land/std@0.190.0/jsonc/parse.ts": "2910e33bc7c3b243e3b6f3a39ce4d6ca84337b277a8df6f2ad2d9e4adbcddc08",
    "https://deno.land/std@0.190.0/path/_constants.ts": "e49961f6f4f48039c0dfed3c3f93e963ca3d92791c9d478ac5b43183413136e0",
    "https://deno.land/std@0.190.0/path/_interface.ts": "6471159dfbbc357e03882c2266d21ef9afdb1e4aa771b0545e90db58a0ba314b",
    "https://deno.land/std@0.190.0/path/_util.ts": "d7abb1e0dea065f427b89156e28cdeb32b045870acdf865833ba808a73b576d0",
    "https://deno.land/std@0.190.0/path/common.ts": "ee7505ab01fd22de3963b64e46cff31f40de34f9f8de1fff6a1bd2fe79380000",
    "https://deno.land/std@0.190.0/path/glob.ts": "d479e0a695621c94d3fd7fe7abd4f9499caf32a8de13f25073451c6ef420a4e1",
    "https://deno.land/std@0.190.0/path/mod.ts": "ee161baec5ded6510ee1d1fb6a75a0f5e4b41f3f3301c92c716ecbdf7dae910d",
    "https://deno.land/std@0.190.0/path/posix.ts": "8b7c67ac338714b30c816079303d0285dd24af6b284f7ad63da5b27372a2c94d",
    "https://deno.land/std@0.190.0/path/separator.ts": "0fb679739d0d1d7bf45b68dacfb4ec7563597a902edbaf3c59b50d5bcadd93b1",
    "https://deno.land/std@0.190.0/path/win32.ts": "d186344e5583bcbf8b18af416d13d82b35a317116e6460a5a3953508c3de5bba",
    "https://deno.land/x/lodash@4.17.15-es/_Symbol.js": "631160c3c0cbd05ec8a3d1934ded4a312504a29f04a00be2b29372d00dd6bc6d",
    "https://deno.land/x/lodash@4.17.15-es/_arrayMap.js": "ae3521733bd602f0f0443562ca13d3d1c8f42e130d4d4b0deacd931b68b0c60b",
    "https://deno.land/x/lodash@4.17.15-es/_arrayReduce.js": "b7fcb5405eac2c287eb90230995a5ba9e13e36933af3ad40dc84a29c364fbb7e",
    "https://deno.land/x/lodash@4.17.15-es/_asciiToArray.js": "31d8d3eea65375a5b9e280e0a23ef2a4f9eff022119d5b7ed338b925ebd58780",
    "https://deno.land/x/lodash@4.17.15-es/_asciiWords.js": "598a889963843093438d7453d71e09f759c9fefe1a731bbf87ecadc569272a9a",
    "https://deno.land/x/lodash@4.17.15-es/_baseGetTag.js": "3a9eebe37ba231eff0380b5f76ac5b5fcee4590665642fd052d77aa51c7d063f",
    "https://deno.land/x/lodash@4.17.15-es/_basePropertyOf.js": "a62950da12b7236a1524bc1191d43ed2edc6e93827f1b12e903d71f9f262e15b",
    "https://deno.land/x/lodash@4.17.15-es/_baseSlice.js": "01913d08224c395783d4be26f1be8db57a0c1f1c53a0e3b8fea60055726b7ced",
    "https://deno.land/x/lodash@4.17.15-es/_baseToString.js": "dc45840c564e75b058f8492a207d84a80629facdc33d80c4f05018aacdad675b",
    "https://deno.land/x/lodash@4.17.15-es/_castSlice.js": "20de417088b7fce8a3c36ed16dace11e4f3104ce25fb38ec5e94dae0974172fe",
    "https://deno.land/x/lodash@4.17.15-es/_createCaseFirst.js": "26d8ee22d1f47b7028884569c6151b2adc88b71d50178e7fa5e2659d0af37aa3",
    "https://deno.land/x/lodash@4.17.15-es/_createCompounder.js": "f8257824694137bf865deaea983c8e746b6b10c11618dcea2ed3ff4318a43586",
    "https://deno.land/x/lodash@4.17.15-es/_deburrLetter.js": "acc04cf0abe0b871f287a1360daafd3c0201ad8aac7d618576142fc9a989e21a",
    "https://deno.land/x/lodash@4.17.15-es/_freeGlobal.js": "0b65c37b3c1ce6d1800cb59a330dde73f1009f0d10eeaf8fd45f7607b87db4c5",
    "https://deno.land/x/lodash@4.17.15-es/_getRawTag.js": "0023dec54160317b70d52df1d7918638bc16a2869b1bf355f0a4f3e755aa6faf",
    "https://deno.land/x/lodash@4.17.15-es/_hasUnicode.js": "1b9ffe8c8b337c09709647874e132c23f98212791c936da6f0f3844c96112a92",
    "https://deno.land/x/lodash@4.17.15-es/_hasUnicodeWord.js": "fffc30c67e6bcde00590638d4bbbc3abe54f22adc9fba1639697014bbfa53aed",
    "https://deno.land/x/lodash@4.17.15-es/_objectToString.js": "8f1bb6043dc27219e71dfae28900a7f214a0856118a628efeb120169fe46fe8c",
    "https://deno.land/x/lodash@4.17.15-es/_root.js": "df58ff96c454ca91ace20d20e6af49b354c70dfba7e737adc00cd23e8ff77168",
    "https://deno.land/x/lodash@4.17.15-es/_stringToArray.js": "7d8a6f7807f071c62b9fb5a4b057613e2c9a13d9cb6fdd7df5debc9bfecd0be9",
    "https://deno.land/x/lodash@4.17.15-es/_unicodeToArray.js": "806bbf241de7849459a492f859067be4d3379df49358812b41379a966aae7922",
    "https://deno.land/x/lodash@4.17.15-es/_unicodeWords.js": "f132197f36da541ee8e6d5f5de2bd938f3ccc4ff4cb4aabff444f21a12e64e9a",
    "https://deno.land/x/lodash@4.17.15-es/deburr.js": "5af1d51fe36a96701dae2db9e5eee2bda272edb59b7e31da687d0dff5a2ca573",
    "https://deno.land/x/lodash@4.17.15-es/isArray.js": "0d9bcdfdf53955d9253076ddd68e0b992b2c91fb8364baa2ca971e57cbb74e4b",
    "https://deno.land/x/lodash@4.17.15-es/isObjectLike.js": "e45d69136695e8568c6fb3c7327f96ac1a8ff7284b1b22f26fb4654255fd0c6c",
    "https://deno.land/x/lodash@4.17.15-es/isSymbol.js": "f0dc1666c3cec2306cd4fd0f63a9a7ab1f25ed21d2db6664b1edc81bd3641a41",
    "https://deno.land/x/lodash@4.17.15-es/startCase.js": "be0a1c8b49f1433805aa9ac19493128132cb08210515717d5c725af136095667",
    "https://deno.land/x/lodash@4.17.15-es/toString.js": "3f4c8d942944c3fe622e9fba36275b6291e834113619b266909822becfa94976",
    "https://deno.land/x/lodash@4.17.15-es/upperFirst.js": "1923b5661a65f9efb07814acca2c33d5f31e7e38c9021f7db432f1d03dc2bf05",
    "https://deno.land/x/lodash@4.17.15-es/words.js": "a999d2d5d77affc8fa93047e232fc80183d1b05b3b05c0be58780a3624adf52f"
  }
}
